
Microsoft Visual Studio Solution File, Format Version 12.00
# Visual Studio Version 16
VisualStudioVersion = 16.0.30204.135
MinimumVisualStudioVersion = 10.0.40219.1
Project("{FAE04EC0-301F-11D3-BF4B-00C04F79EFBC}") = "hello1", "hello1\hello1.csproj", "{A56F335F-EFEE-47A8-B64B-46DBB5EAD78B}"
EndProject
Global
	GlobalSection(SolutionConfigurationPlatforms) = preSolution
		Debug|Any CPU = Debug|Any CPU
		Release|Any CPU = Release|Any CPU
	EndGlobalSection
	GlobalSection(ProjectConfigurationPlatforms) = postSolution
		{A56F335F-EFEE-47A8-B64B-46DBB5EAD78B}.Debug|Any CPU.ActiveCfg = Debug|Any CPU
		{A56F335F-EFEE-47A8-B64B-46DBB5EAD78B}.Debug|Any CPU.Build.0 = Debug|Any CPU
		{A56F335F-EFEE-47A8-B64B-46DBB5EAD78B}.Release|Any CPU.ActiveCfg = Release|Any CPU
		{A56F335F-EFEE-47A8-B64B-46DBB5EAD78B}.Release|Any CPU.Build.0 = Release|Any CPU
	EndGlobalSection
	GlobalSection(SolutionProperties) = preSolution
		HideSolutionNode = FALSE
	EndGlobalSection
	GlobalSection(ExtensibilityGlobals) = postSolution
		SolutionGuid = {0E2E8D1D-B099-4FCD-89A8-49B9216E6A42}
	EndGlobalSection
EndGlobal
